{
  "originHash" : "533de208f7207fdd36b99a2f0036707fca012c23defe0e4e99a820106aff336d",
  "pins" : [
    {
      "identity" : "purchases-ios-spm",
      "kind" : "remoteSourceControl",
      "location" : "https://github.com/RevenueCat/purchases-ios-spm.git",
      "state" : {
        "revision" : "31637c9d69c9f33a5426a6bfaca80d2bfe8950c1",
        "version" : "5.23.0"
      }
    }
  ],
  "version" : 3
}
